// !$*UTF8*$!
{
	archiveVersion = 1;
	classes = {
	};
	objectVersion = 56;
	objects = {

/* Begin PBXBuildFile section */
		441A57372B749979003B9A18 /* AppDelegate.swift in Sources */ = {isa = PBXBuildFile; fileRef = 441A57362B749979003B9A18 /* AppDelegate.swift */; };
		441A57392B749979003B9A18 /* SceneDelegate.swift in Sources */ = {isa = PBXBuildFile; fileRef = 441A57382B749979003B9A18 /* SceneDelegate.swift */; };
		441A573B2B749979003B9A18 /* ViewController.swift in Sources */ = {isa = PBXBuildFile; fileRef = 441A573A2B749979003B9A18 /* ViewController.swift */; };
		441A573E2B749979003B9A18 /* Main.storyboard in Resources */ = {isa = PBXBuildFile; fileRef = 441A573C2B749979003B9A18 /* Main.storyboard */; };
		441A57402B74997A003B9A18 /* Assets.xcassets in Resources */ = {isa = PBXBuildFile; fileRef = 441A573F2B74997A003B9A18 /* Assets.xcassets */; };
		441A574D2B7EE90B003B9A18 /* CustomTextField.swift in Sources */ = {isa = PBXBuildFile; fileRef = 441A574C2B7EE90B003B9A18 /* CustomTextField.swift */; };
		441A574F2B7EED19003B9A18 /* CustomButton.swift in Sources */ = {isa = PBXBuildFile; fileRef = 441A574E2B7EED19003B9A18 /* CustomButton.swift */; };
		441A57532B80A741003B9A18 /* Endpoints.swift in Sources */ = {isa = PBXBuildFile; fileRef = 441A57522B80A741003B9A18 /* Endpoints.swift */; };
		441A57552B80A75A003B9A18 /* Constants.swift in Sources */ = {isa = PBXBuildFile; fileRef = 441A57542B80A75A003B9A18 /* Constants.swift */; };
		441A57572B80A79E003B9A18 /* HTTP.swift in Sources */ = {isa = PBXBuildFile; fileRef = 441A57562B80A79E003B9A18 /* HTTP.swift */; };
		441A57592B80AB0E003B9A18 /* DataService.swift in Sources */ = {isa = PBXBuildFile; fileRef = 441A57582B80AB0E003B9A18 /* DataService.swift */; };
		441A575B2B80AD2B003B9A18 /* DataArray.swift in Sources */ = {isa = PBXBuildFile; fileRef = 441A575A2B80AD2B003B9A18 /* DataArray.swift */; };
		4463F1192B81DB7700F043AD /* SummaryViewController.swift in Sources */ = {isa = PBXBuildFile; fileRef = 4463F1182B81DB7700F043AD /* SummaryViewController.swift */; };
		4463F11B2B81F1EE00F043AD /* PersonalInformationViewController.swift in Sources */ = {isa = PBXBuildFile; fileRef = 4463F11A2B81F1EE00F043AD /* PersonalInformationViewController.swift */; };
		4463F11D2B81FABA00F043AD /* NutritionViewController.swift in Sources */ = {isa = PBXBuildFile; fileRef = 4463F11C2B81FABA00F043AD /* NutritionViewController.swift */; };
		447956C02B8148AD00C19879 /* HomePageViewController.swift in Sources */ = {isa = PBXBuildFile; fileRef = 447956BF2B8148AD00C19879 /* HomePageViewController.swift */; };
		447956C22B81659200C19879 /* SelectWorkoutViewController.swift in Sources */ = {isa = PBXBuildFile; fileRef = 447956C12B81659200C19879 /* SelectWorkoutViewController.swift */; };
		447956C42B8167A800C19879 /* WorkoutViewController.swift in Sources */ = {isa = PBXBuildFile; fileRef = 447956C32B8167A800C19879 /* WorkoutViewController.swift */; };
		4479AE682B8229E200A6FEDE /* ExerciseHistoryViewController.swift in Sources */ = {isa = PBXBuildFile; fileRef = 4479AE672B8229E200A6FEDE /* ExerciseHistoryViewController.swift */; };
		4479AE6A2B822E7800A6FEDE /* WebViewController.swift in Sources */ = {isa = PBXBuildFile; fileRef = 4479AE692B822E7800A6FEDE /* WebViewController.swift */; };
/* End PBXBuildFile section */

/* Begin PBXFileReference section */
		441A57332B749979003B9A18 /* REPS.app */ = {isa = PBXFileReference; explicitFileType = wrapper.application; includeInIndex = 0; path = REPS.app; sourceTree = BUILT_PRODUCTS_DIR; };
		441A57362B749979003B9A18 /* AppDelegate.swift */ = {isa = PBXFileReference; lastKnownFileType = sourcecode.swift; path = AppDelegate.swift; sourceTree = "<group>"; };
		441A57382B749979003B9A18 /* SceneDelegate.swift */ = {isa = PBXFileReference; lastKnownFileType = sourcecode.swift; path = SceneDelegate.swift; sourceTree = "<group>"; };
		441A573A2B749979003B9A18 /* ViewController.swift */ = {isa = PBXFileReference; lastKnownFileType = sourcecode.swift; path = ViewController.swift; sourceTree = "<group>"; };
		441A573D2B749979003B9A18 /* Base */ = {isa = PBXFileReference; lastKnownFileType = file.storyboard; name = Base; path = Base.lproj/Main.storyboard; sourceTree = "<group>"; };
		441A573F2B74997A003B9A18 /* Assets.xcassets */ = {isa = PBXFileReference; lastKnownFileType = folder.assetcatalog; path = Assets.xcassets; sourceTree = "<group>"; };
		441A57442B74997A003B9A18 /* Info.plist */ = {isa = PBXFileReference; lastKnownFileType = text.plist.xml; path = Info.plist; sourceTree = "<group>"; };
		441A574C2B7EE90B003B9A18 /* CustomTextField.swift */ = {isa = PBXFileReference; lastKnownFileType = sourcecode.swift; path = CustomTextField.swift; sourceTree = "<group>"; };
		441A574E2B7EED19003B9A18 /* CustomButton.swift */ = {isa = PBXFileReference; lastKnownFileType = sourcecode.swift; path = CustomButton.swift; sourceTree = "<group>"; };
		441A57522B80A741003B9A18 /* Endpoints.swift */ = {isa = PBXFileReference; lastKnownFileType = sourcecode.swift; path = Endpoints.swift; sourceTree = "<group>"; };
		441A57542B80A75A003B9A18 /* Constants.swift */ = {isa = PBXFileReference; lastKnownFileType = sourcecode.swift; path = Constants.swift; sourceTree = "<group>"; };
		441A57562B80A79E003B9A18 /* HTTP.swift */ = {isa = PBXFileReference; lastKnownFileType = sourcecode.swift; path = HTTP.swift; sourceTree = "<group>"; };
		441A57582B80AB0E003B9A18 /* DataService.swift */ = {isa = PBXFileReference; lastKnownFileType = sourcecode.swift; path = DataService.swift; sourceTree = "<group>"; };
		441A575A2B80AD2B003B9A18 /* DataArray.swift */ = {isa = PBXFileReference; lastKnownFileType = sourcecode.swift; path = DataArray.swift; sourceTree = "<group>"; };
		4463F1182B81DB7700F043AD /* SummaryViewController.swift */ = {isa = PBXFileReference; lastKnownFileType = sourcecode.swift; path = SummaryViewController.swift; sourceTree = "<group>"; };
		4463F11A2B81F1EE00F043AD /* PersonalInformationViewController.swift */ = {isa = PBXFileReference; lastKnownFileType = sourcecode.swift; path = PersonalInformationViewController.swift; sourceTree = "<group>"; };
		4463F11C2B81FABA00F043AD /* NutritionViewController.swift */ = {isa = PBXFileReference; lastKnownFileType = sourcecode.swift; path = NutritionViewController.swift; sourceTree = "<group>"; };
		447956BF2B8148AD00C19879 /* HomePageViewController.swift */ = {isa = PBXFileReference; lastKnownFileType = sourcecode.swift; path = HomePageViewController.swift; sourceTree = "<group>"; };
		447956C12B81659200C19879 /* SelectWorkoutViewController.swift */ = {isa = PBXFileReference; lastKnownFileType = sourcecode.swift; path = SelectWorkoutViewController.swift; sourceTree = "<group>"; };
		447956C32B8167A800C19879 /* WorkoutViewController.swift */ = {isa = PBXFileReference; lastKnownFileType = sourcecode.swift; path = WorkoutViewController.swift; sourceTree = "<group>"; };
		4479AE672B8229E200A6FEDE /* ExerciseHistoryViewController.swift */ = {isa = PBXFileReference; lastKnownFileType = sourcecode.swift; path = ExerciseHistoryViewController.swift; sourceTree = "<group>"; };
		4479AE692B822E7800A6FEDE /* WebViewController.swift */ = {isa = PBXFileReference; lastKnownFileType = sourcecode.swift; path = WebViewController.swift; sourceTree = "<group>"; };
/* End PBXFileReference section */

/* Begin PBXFrameworksBuildPhase section */
		441A57302B749979003B9A18 /* Frameworks */ = {
			isa = PBXFrameworksBuildPhase;
			buildActionMask = 2147483647;
			files = (
			);
			runOnlyForDeploymentPostprocessing = 0;
		};
/* End PBXFrameworksBuildPhase section */

/* Begin PBXGroup section */
		441A572A2B749979003B9A18 = {
			isa = PBXGroup;
			children = (
				441A57352B749979003B9A18 /* HackFax-AAAAT */,
				441A57342B749979003B9A18 /* Products */,
			);
			sourceTree = "<group>";
		};
		441A57342B749979003B9A18 /* Products */ = {
			isa = PBXGroup;
			children = (
				441A57332B749979003B9A18 /* REPS.app */,
			);
			name = Products;
			sourceTree = "<group>";
		};
		441A57352B749979003B9A18 /* HackFax-AAAAT */ = {
			isa = PBXGroup;
			children = (
				441A57512B80A735003B9A18 /* API */,
				441A57502B807500003B9A18 /* Models */,
				441A574B2B7EDB41003B9A18 /* Supporting */,
				441A574A2B7EDB2D003B9A18 /* Views */,
				441A573C2B749979003B9A18 /* Main.storyboard */,
				441A573F2B74997A003B9A18 /* Assets.xcassets */,
				441A57442B74997A003B9A18 /* Info.plist */,
			);
			path = "HackFax-AAAAT";
			sourceTree = "<group>";
		};
		441A574A2B7EDB2D003B9A18 /* Views */ = {
			isa = PBXGroup;
			children = (
				441A573A2B749979003B9A18 /* ViewController.swift */,
				447956BF2B8148AD00C19879 /* HomePageViewController.swift */,
				447956C12B81659200C19879 /* SelectWorkoutViewController.swift */,
				447956C32B8167A800C19879 /* WorkoutViewController.swift */,
				4463F1182B81DB7700F043AD /* SummaryViewController.swift */,
				4463F11A2B81F1EE00F043AD /* PersonalInformationViewController.swift */,
				4463F11C2B81FABA00F043AD /* NutritionViewController.swift */,
				4479AE672B8229E200A6FEDE /* ExerciseHistoryViewController.swift */,
				4479AE692B822E7800A6FEDE /* WebViewController.swift */,
			);
			path = Views;
			sourceTree = "<group>";
		};
		441A574B2B7EDB41003B9A18 /* Supporting */ = {
			isa = PBXGroup;
			children = (
				441A57382B749979003B9A18 /* SceneDelegate.swift */,
				441A57362B749979003B9A18 /* AppDelegate.swift */,
			);
			path = Supporting;
			sourceTree = "<group>";
		};
		441A57502B807500003B9A18 /* Models */ = {
			isa = PBXGroup;
			children = (
				441A574E2B7EED19003B9A18 /* CustomButton.swift */,
				441A574C2B7EE90B003B9A18 /* CustomTextField.swift */,
				441A575A2B80AD2B003B9A18 /* DataArray.swift */,
			);
			path = Models;
			sourceTree = "<group>";
		};
		441A57512B80A735003B9A18 /* API */ = {
			isa = PBXGroup;
			children = (
				441A57522B80A741003B9A18 /* Endpoints.swift */,
				441A57542B80A75A003B9A18 /* Constants.swift */,
				441A57562B80A79E003B9A18 /* HTTP.swift */,
				441A57582B80AB0E003B9A18 /* DataService.swift */,
			);
			path = API;
			sourceTree = "<group>";
		};
/* End PBXGroup section */

/* Begin PBXNativeTarget section */
		441A57322B749979003B9A18 /* HackFax-AAAAT */ = {
			isa = PBXNativeTarget;
			buildConfigurationList = 441A57472B74997A003B9A18 /* Build configuration list for PBXNativeTarget "HackFax-AAAAT" */;
			buildPhases = (
				441A572F2B749979003B9A18 /* Sources */,
				441A57302B749979003B9A18 /* Frameworks */,
				441A57312B749979003B9A18 /* Resources */,
			);
			buildRules = (
			);
			dependencies = (
			);
			name = "HackFax-AAAAT";
			productName = "HackFax-AAAAT";
			productReference = 441A57332B749979003B9A18 /* REPS.app */;
			productType = "com.apple.product-type.application";
		};
/* End PBXNativeTarget section */

/* Begin PBXProject section */
		441A572B2B749979003B9A18 /* Project object */ = {
			isa = PBXProject;
			attributes = {
				BuildIndependentTargetsInParallel = 1;
				LastSwiftUpdateCheck = 1430;
				LastUpgradeCheck = 1430;
				TargetAttributes = {
					441A57322B749979003B9A18 = {
						CreatedOnToolsVersion = 14.3;
					};
				};
			};
			buildConfigurationList = 441A572E2B749979003B9A18 /* Build configuration list for PBXProject "HackFax-AAAAT" */;
			compatibilityVersion = "Xcode 14.0";
			developmentRegion = en;
			hasScannedForEncodings = 0;
			knownRegions = (
				en,
				Base,
			);
			mainGroup = 441A572A2B749979003B9A18;
			productRefGroup = 441A57342B749979003B9A18 /* Products */;
			projectDirPath = "";
			projectRoot = "";
			targets = (
				441A57322B749979003B9A18 /* HackFax-AAAAT */,
			);
		};
/* End PBXProject section */

/* Begin PBXResourcesBuildPhase section */
		441A57312B749979003B9A18 /* Resources */ = {
			isa = PBXResourcesBuildPhase;
			buildActionMask = 2147483647;
			files = (
				441A57402B74997A003B9A18 /* Assets.xcassets in Resources */,
				441A573E2B749979003B9A18 /* Main.storyboard in Resources */,
			);
			runOnlyForDeploymentPostprocessing = 0;
		};
/* End PBXResourcesBuildPhase section */

/* Begin PBXSourcesBuildPhase section */
		441A572F2B749979003B9A18 /* Sources */ = {
			isa = PBXSourcesBuildPhase;
			buildActionMask = 2147483647;
			files = (
				441A57592B80AB0E003B9A18 /* DataService.swift in Sources */,
				4479AE6A2B822E7800A6FEDE /* WebViewController.swift in Sources */,
				447956C42B8167A800C19879 /* WorkoutViewController.swift in Sources */,
				441A574D2B7EE90B003B9A18 /* CustomTextField.swift in Sources */,
				4463F11D2B81FABA00F043AD /* NutritionViewController.swift in Sources */,
				441A573B2B749979003B9A18 /* ViewController.swift in Sources */,
				441A57372B749979003B9A18 /* AppDelegate.swift in Sources */,
				4463F11B2B81F1EE00F043AD /* PersonalInformationViewController.swift in Sources */,
				4463F1192B81DB7700F043AD /* SummaryViewController.swift in Sources */,
				441A57392B749979003B9A18 /* SceneDelegate.swift in Sources */,
				441A57552B80A75A003B9A18 /* Constants.swift in Sources */,
				447956C22B81659200C19879 /* SelectWorkoutViewController.swift in Sources */,
				441A57572B80A79E003B9A18 /* HTTP.swift in Sources */,
				447956C02B8148AD00C19879 /* HomePageViewController.swift in Sources */,
				4479AE682B8229E200A6FEDE /* ExerciseHistoryViewController.swift in Sources */,
				441A57532B80A741003B9A18 /* Endpoints.swift in Sources */,
				441A574F2B7EED19003B9A18 /* CustomButton.swift in Sources */,
				441A575B2B80AD2B003B9A18 /* DataArray.swift in Sources */,
			);
			runOnlyForDeploymentPostprocessing = 0;
		};
/* End PBXSourcesBuildPhase section */

/* Begin PBXVariantGroup section */
		441A573C2B749979003B9A18 /* Main.storyboard */ = {
			isa = PBXVariantGroup;
			children = (
				441A573D2B749979003B9A18 /* Base */,
			);
			name = Main.storyboard;
			sourceTree = "<group>";
		};
/* End PBXVariantGroup section */

/* Begin XCBuildConfiguration section */
		441A57452B74997A003B9A18 /* Debug */ = {
			isa = XCBuildConfiguration;
			buildSettings = {
				ALWAYS_SEARCH_USER_PATHS = NO;
				CLANG_ANALYZER_NONNULL = YES;
				CLANG_ANALYZER_NUMBER_OBJECT_CONVERSION = YES_AGGRESSIVE;
				CLANG_CXX_LANGUAGE_STANDARD = "gnu++20";
				CLANG_ENABLE_MODULES = YES;
				CLANG_ENABLE_OBJC_ARC = YES;
				CLANG_ENABLE_OBJC_WEAK = YES;
				CLANG_WARN_BLOCK_CAPTURE_AUTORELEASING = YES;
				CLANG_WARN_BOOL_CONVERSION = YES;
				CLANG_WARN_COMMA = YES;
				CLANG_WARN_CONSTANT_CONVERSION = YES;
				CLANG_WARN_DEPRECATED_OBJC_IMPLEMENTATIONS = YES;
				CLANG_WARN_DIRECT_OBJC_ISA_USAGE = YES_ERROR;
				CLANG_WARN_DOCUMENTATION_COMMENTS = YES;
				CLANG_WARN_EMPTY_BODY = YES;
				CLANG_WARN_ENUM_CONVERSION = YES;
				CLANG_WARN_INFINITE_RECURSION = YES;
				CLANG_WARN_INT_CONVERSION = YES;
				CLANG_WARN_NON_LITERAL_NULL_CONVERSION = YES;
				CLANG_WARN_OBJC_IMPLICIT_RETAIN_SELF = YES;
				CLANG_WARN_OBJC_LITERAL_CONVERSION = YES;
				CLANG_WARN_OBJC_ROOT_CLASS = YES_ERROR;
				CLANG_WARN_QUOTED_INCLUDE_IN_FRAMEWORK_HEADER = YES;
				CLANG_WARN_RANGE_LOOP_ANALYSIS = YES;
				CLANG_WARN_STRICT_PROTOTYPES = YES;
				CLANG_WARN_SUSPICIOUS_MOVE = YES;
				CLANG_WARN_UNGUARDED_AVAILABILITY = YES_AGGRESSIVE;
				CLANG_WARN_UNREACHABLE_CODE = YES;
				CLANG_WARN__DUPLICATE_METHOD_MATCH = YES;
				COPY_PHASE_STRIP = NO;
				DEBUG_INFORMATION_FORMAT = dwarf;
				ENABLE_STRICT_OBJC_MSGSEND = YES;
				ENABLE_TESTABILITY = YES;
				GCC_C_LANGUAGE_STANDARD = gnu11;
				GCC_DYNAMIC_NO_PIC = NO;
				GCC_NO_COMMON_BLOCKS = YES;
				GCC_OPTIMIZATION_LEVEL = 0;
				GCC_PREPROCESSOR_DEFINITIONS = (
					"DEBUG=1",
					"$(inherited)",
				);
				GCC_WARN_64_TO_32_BIT_CONVERSION = YES;
				GCC_WARN_ABOUT_RETURN_TYPE = YES_ERROR;
				GCC_WARN_UNDECLARED_SELECTOR = YES;
				GCC_WARN_UNINITIALIZED_AUTOS = YES_AGGRESSIVE;
				GCC_WARN_UNUSED_FUNCTION = YES;
				GCC_WARN_UNUSED_VARIABLE = YES;
				IPHONEOS_DEPLOYMENT_TARGET = 14.0;
				MTL_ENABLE_DEBUG_INFO = INCLUDE_SOURCE;
				MTL_FAST_MATH = YES;
				ONLY_ACTIVE_ARCH = YES;
				SDKROOT = iphoneos;
				SWIFT_ACTIVE_COMPILATION_CONDITIONS = DEBUG;
				SWIFT_OPTIMIZATION_LEVEL = "-Onone";
			};
			name = Debug;
		};
		441A57462B74997A003B9A18 /* Release */ = {
			isa = XCBuildConfiguration;
			buildSettings = {
				ALWAYS_SEARCH_USER_PATHS = NO;
				CLANG_ANALYZER_NONNULL = YES;
				CLANG_ANALYZER_NUMBER_OBJECT_CONVERSION = YES_AGGRESSIVE;
				CLANG_CXX_LANGUAGE_STANDARD = "gnu++20";
				CLANG_ENABLE_MODULES = YES;
				CLANG_ENABLE_OBJC_ARC = YES;
				CLANG_ENABLE_OBJC_WEAK = YES;
				CLANG_WARN_BLOCK_CAPTURE_AUTORELEASING = YES;
				CLANG_WARN_BOOL_CONVERSION = YES;
				CLANG_WARN_COMMA = YES;
				CLANG_WARN_CONSTANT_CONVERSION = YES;
				CLANG_WARN_DEPRECATED_OBJC_IMPLEMENTATIONS = YES;
				CLANG_WARN_DIRECT_OBJC_ISA_USAGE = YES_ERROR;
				CLANG_WARN_DOCUMENTATION_COMMENTS = YES;
				CLANG_WARN_EMPTY_BODY = YES;
				CLANG_WARN_ENUM_CONVERSION = YES;
				CLANG_WARN_INFINITE_RECURSION = YES;
				CLANG_WARN_INT_CONVERSION = YES;
				CLANG_WARN_NON_LITERAL_NULL_CONVERSION = YES;
				CLANG_WARN_OBJC_IMPLICIT_RETAIN_SELF = YES;
				CLANG_WARN_OBJC_LITERAL_CONVERSION = YES;
				CLANG_WARN_OBJC_ROOT_CLASS = YES_ERROR;
				CLANG_WARN_QUOTED_INCLUDE_IN_FRAMEWORK_HEADER = YES;
				CLANG_WARN_RANGE_LOOP_ANALYSIS = YES;
				CLANG_WARN_STRICT_PROTOTYPES = YES;
				CLANG_WARN_SUSPICIOUS_MOVE = YES;
				CLANG_WARN_UNGUARDED_AVAILABILITY = YES_AGGRESSIVE;
				CLANG_WARN_UNREACHABLE_CODE = YES;
				CLANG_WARN__DUPLICATE_METHOD_MATCH = YES;
				COPY_PHASE_STRIP = NO;
				DEBUG_INFORMATION_FORMAT = "dwarf-with-dsym";
				ENABLE_NS_ASSERTIONS = NO;
				ENABLE_STRICT_OBJC_MSGSEND = YES;
				GCC_C_LANGUAGE_STANDARD = gnu11;
				GCC_NO_COMMON_BLOCKS = YES;
				GCC_WARN_64_TO_32_BIT_CONVERSION = YES;
				GCC_WARN_ABOUT_RETURN_TYPE = YES_ERROR;
				GCC_WARN_UNDECLARED_SELECTOR = YES;
				GCC_WARN_UNINITIALIZED_AUTOS = YES_AGGRESSIVE;
				GCC_WARN_UNUSED_FUNCTION = YES;
				GCC_WARN_UNUSED_VARIABLE = YES;
				IPHONEOS_DEPLOYMENT_TARGET = 14.0;
				MTL_ENABLE_DEBUG_INFO = NO;
				MTL_FAST_MATH = YES;
				SDKROOT = iphoneos;
				SWIFT_COMPILATION_MODE = wholemodule;
				SWIFT_OPTIMIZATION_LEVEL = "-O";
				VALIDATE_PRODUCT = YES;
			};
			name = Release;
		};
		441A57482B74997A003B9A18 /* Debug */ = {
			isa = XCBuildConfiguration;
			buildSettings = {
				ASSETCATALOG_COMPILER_APPICON_NAME = AppIcon;
				ASSETCATALOG_COMPILER_GLOBAL_ACCENT_COLOR_NAME = AccentColor;
				CODE_SIGN_STYLE = Automatic;
				CURRENT_PROJECT_VERSION = 1;
				DEVELOPMENT_TEAM = FGNJ5QVG44;
				GENERATE_INFOPLIST_FILE = YES;
				INFOPLIST_FILE = "HackFax-AAAAT/Info.plist";
				INFOPLIST_KEY_UIApplicationSupportsIndirectInputEvents = YES;
				INFOPLIST_KEY_UILaunchStoryboardName = LaunchScreen;
				INFOPLIST_KEY_UIMainStoryboardFile = Main;
				INFOPLIST_KEY_UISupportedInterfaceOrientations_iPad = "UIInterfaceOrientationPortrait UIInterfaceOrientationPortraitUpsideDown UIInterfaceOrientationLandscapeLeft UIInterfaceOrientationLandscapeRight";
				INFOPLIST_KEY_UISupportedInterfaceOrientations_iPhone = "UIInterfaceOrientationPortrait UIInterfaceOrientationLandscapeLeft UIInterfaceOrientationLandscapeRight";
				LD_RUNPATH_SEARCH_PATHS = (
					"$(inherited)",
					"@executable_path/Frameworks",
				);
				MARKETING_VERSION = 1.0;
				PRODUCT_BUNDLE_IDENTIFIER = "Com.SoundByte.HackFax-AAAAT";
				PRODUCT_NAME = REPS;
				SWIFT_EMIT_LOC_STRINGS = YES;
				SWIFT_VERSION = 5.0;
				TARGETED_DEVICE_FAMILY = "1,2";
			};
			name = Debug;
		};
		441A57492B74997A003B9A18 /* Release */ = {
			isa = XCBuildConfiguration;
			buildSettings = {
				ASSETCATALOG_COMPILER_APPICON_NAME = AppIcon;
				ASSETCATALOG_COMPILER_GLOBAL_ACCENT_COLOR_NAME = AccentColor;
				CODE_SIGN_STYLE = Automatic;
				CURRENT_PROJECT_VERSION = 1;
				DEVELOPMENT_TEAM = FGNJ5QVG44;
				GENERATE_INFOPLIST_FILE = YES;
				INFOPLIST_FILE = "HackFax-AAAAT/Info.plist";
				INFOPLIST_KEY_UIApplicationSupportsIndirectInputEvents = YES;
				INFOPLIST_KEY_UILaunchStoryboardName = LaunchScreen;
				INFOPLIST_KEY_UIMainStoryboardFile = Main;
				INFOPLIST_KEY_UISupportedInterfaceOrientations_iPad = "UIInterfaceOrientationPortrait UIInterfaceOrientationPortraitUpsideDown UIInterfaceOrientationLandscapeLeft UIInterfaceOrientationLandscapeRight";
				INFOPLIST_KEY_UISupportedInterfaceOrientations_iPhone = "UIInterfaceOrientationPortrait UIInterfaceOrientationLandscapeLeft UIInterfaceOrientationLandscapeRight";
				LD_RUNPATH_SEARCH_PATHS = (
					"$(inherited)",
					"@executable_path/Frameworks",
				);
				MARKETING_VERSION = 1.0;
				PRODUCT_BUNDLE_IDENTIFIER = "Com.SoundByte.HackFax-AAAAT";
				PRODUCT_NAME = REPS;
				SWIFT_EMIT_LOC_STRINGS = YES;
				SWIFT_VERSION = 5.0;
				TARGETED_DEVICE_FAMILY = "1,2";
			};
			name = Release;
		};
/* End XCBuildConfiguration section */

/* Begin XCConfigurationList section */
		441A572E2B749979003B9A18 /* Build configuration list for PBXProject "HackFax-AAAAT" */ = {
			isa = XCConfigurationList;
			buildConfigurations = (
				441A57452B74997A003B9A18 /* Debug */,
				441A57462B74997A003B9A18 /* Release */,
			);
			defaultConfigurationIsVisible = 0;
			defaultConfigurationName = Release;
		};
		441A57472B74997A003B9A18 /* Build configuration list for PBXNativeTarget "HackFax-AAAAT" */ = {
			isa = XCConfigurationList;
			buildConfigurations = (
				441A57482B74997A003B9A18 /* Debug */,
				441A57492B74997A003B9A18 /* Release */,
			);
			defaultConfigurationIsVisible = 0;
			defaultConfigurationName = Release;
		};
/* End XCConfigurationList section */
	};
	rootObject = 441A572B2B749979003B9A18 /* Project object */;
}
